
Microsoft Visual Studio Solution File, Format Version 12.00
# Visual Studio Version 16
VisualStudioVersion = 25.0.1704.3
MinimumVisualStudioVersion = 10.0.40219.1
Project("{FAE04EC0-301F-11D3-BF4B-00C04F79EFBC}") = "Step3_WebApiConsumerConsole_Jwt", "Step3_WebApiConsumerConsole_Jwt\Step3_WebApiConsumerConsole_Jwt.csproj", "{3CA4D0FF-4A9B-43D9-B2EA-C05B9DA14F10}"
EndProject
Global
	GlobalSection(SolutionConfigurationPlatforms) = preSolution
		Debug|Any CPU = Debug|Any CPU
		Release|Any CPU = Release|Any CPU
	EndGlobalSection
	GlobalSection(ProjectConfigurationPlatforms) = postSolution
		{3CA4D0FF-4A9B-43D9-B2EA-C05B9DA14F10}.Debug|Any CPU.ActiveCfg = Debug|Any CPU
		{3CA4D0FF-4A9B-43D9-B2EA-C05B9DA14F10}.Debug|Any CPU.Build.0 = Debug|Any CPU
		{3CA4D0FF-4A9B-43D9-B2EA-C05B9DA14F10}.Release|Any CPU.ActiveCfg = Release|Any CPU
		{3CA4D0FF-4A9B-43D9-B2EA-C05B9DA14F10}.Release|Any CPU.Build.0 = Release|Any CPU
	EndGlobalSection
	GlobalSection(SolutionProperties) = preSolution
		HideSolutionNode = FALSE
	EndGlobalSection
	GlobalSection(ExtensibilityGlobals) = postSolution
		SolutionGuid = {31174D5C-3075-4AE3-AC64-631A6A6217F4}
	EndGlobalSection
EndGlobal
